
Microsoft Visual Studio Solution File, Format Version 12.00
# Visual Studio 15
VisualStudioVersion = 15.0.27703.2035
MinimumVisualStudioVersion = 10.0.40219.1
Project("{FAE04EC0-301F-11D3-BF4B-00C04F79EFBC}") = "Toggler.WebApi", "Toggler.WebApi\Toggler.WebApi.csproj", "{4CB0E41B-EDCA-4F1D-A07F-CC6C85D2505E}"
EndProject
Project("{FAE04EC0-301F-11D3-BF4B-00C04F79EFBC}") = "Toggler.UnitTests", "Toggler.UnitTests\Toggler.UnitTests.csproj", "{B6D16E6F-0A1B-4653-9497-80EEEFBBDFA9}"
EndProject
Project("{FAE04EC0-301F-11D3-BF4B-00C04F79EFBC}") = "Toggler.Domain", "Toggler.Domain\Toggler.Domain.csproj", "{0605D711-EDE2-4E62-B30F-077D6A7FEFEA}"
EndProject
Project("{FAE04EC0-301F-11D3-BF4B-00C04F79EFBC}") = "Toggler.Infrastructure", "Toggler.Infrastructure\Toggler.Infrastructure.csproj", "{B3D64569-8DBD-46CF-AC59-2FF0B86947E5}"
EndProject
Project("{FAE04EC0-301F-11D3-BF4B-00C04F79EFBC}") = "Toggler.Common", "Toggler.Common\Toggler.Common.csproj", "{4C268C6E-1F29-4120-9310-2D8EFABFB09D}"
EndProject
Global
	GlobalSection(SolutionConfigurationPlatforms) = preSolution
		Debug|Any CPU = Debug|Any CPU
		Release|Any CPU = Release|Any CPU
	EndGlobalSection
	GlobalSection(ProjectConfigurationPlatforms) = postSolution
		{4CB0E41B-EDCA-4F1D-A07F-CC6C85D2505E}.Debug|Any CPU.ActiveCfg = Debug|Any CPU
		{4CB0E41B-EDCA-4F1D-A07F-CC6C85D2505E}.Debug|Any CPU.Build.0 = Debug|Any CPU
		{4CB0E41B-EDCA-4F1D-A07F-CC6C85D2505E}.Release|Any CPU.ActiveCfg = Release|Any CPU
		{4CB0E41B-EDCA-4F1D-A07F-CC6C85D2505E}.Release|Any CPU.Build.0 = Release|Any CPU
		{B6D16E6F-0A1B-4653-9497-80EEEFBBDFA9}.Debug|Any CPU.ActiveCfg = Debug|Any CPU
		{B6D16E6F-0A1B-4653-9497-80EEEFBBDFA9}.Debug|Any CPU.Build.0 = Debug|Any CPU
		{B6D16E6F-0A1B-4653-9497-80EEEFBBDFA9}.Release|Any CPU.ActiveCfg = Release|Any CPU
		{B6D16E6F-0A1B-4653-9497-80EEEFBBDFA9}.Release|Any CPU.Build.0 = Release|Any CPU
		{0605D711-EDE2-4E62-B30F-077D6A7FEFEA}.Debug|Any CPU.ActiveCfg = Debug|Any CPU
		{0605D711-EDE2-4E62-B30F-077D6A7FEFEA}.Debug|Any CPU.Build.0 = Debug|Any CPU
		{0605D711-EDE2-4E62-B30F-077D6A7FEFEA}.Release|Any CPU.ActiveCfg = Release|Any CPU
		{0605D711-EDE2-4E62-B30F-077D6A7FEFEA}.Release|Any CPU.Build.0 = Release|Any CPU
		{B3D64569-8DBD-46CF-AC59-2FF0B86947E5}.Debug|Any CPU.ActiveCfg = Debug|Any CPU
		{B3D64569-8DBD-46CF-AC59-2FF0B86947E5}.Debug|Any CPU.Build.0 = Debug|Any CPU
		{B3D64569-8DBD-46CF-AC59-2FF0B86947E5}.Release|Any CPU.ActiveCfg = Release|Any CPU
		{B3D64569-8DBD-46CF-AC59-2FF0B86947E5}.Release|Any CPU.Build.0 = Release|Any CPU
		{4C268C6E-1F29-4120-9310-2D8EFABFB09D}.Debug|Any CPU.ActiveCfg = Debug|Any CPU
		{4C268C6E-1F29-4120-9310-2D8EFABFB09D}.Debug|Any CPU.Build.0 = Debug|Any CPU
		{4C268C6E-1F29-4120-9310-2D8EFABFB09D}.Release|Any CPU.ActiveCfg = Release|Any CPU
		{4C268C6E-1F29-4120-9310-2D8EFABFB09D}.Release|Any CPU.Build.0 = Release|Any CPU
	EndGlobalSection
	GlobalSection(SolutionProperties) = preSolution
		HideSolutionNode = FALSE
	EndGlobalSection
	GlobalSection(ExtensibilityGlobals) = postSolution
		SolutionGuid = {54B9ADAF-EE20-4B4D-A8E4-DB5BEB1981E4}
	EndGlobalSection
EndGlobal
